
Microsoft Visual Studio Solution File, Format Version 12.00
# Visual Studio 2012
Project("{FAE04EC0-301F-11D3-BF4B-00C04F79EFBC}") = "D2.Core", "D2.Core\D2.Core.csproj", "{EC1FFCDB-FAB6-4E6F-9C48-53EC8CA98558}"
EndProject
Project("{FAE04EC0-301F-11D3-BF4B-00C04F79EFBC}") = "D2.iOS", "D2.iOS\D2.iOS.csproj", "{391A0BE9-B1DB-42CB-9543-295017BC5742}"
EndProject
Global
	GlobalSection(SolutionConfigurationPlatforms) = preSolution
		Debug|Any CPU = Debug|Any CPU
		Release|Any CPU = Release|Any CPU
		Debug|iPhoneSimulator = Debug|iPhoneSimulator
		Release|iPhone = Release|iPhone
		Release|iPhoneSimulator = Release|iPhoneSimulator
		Debug|iPhone = Debug|iPhone
	EndGlobalSection
	GlobalSection(ProjectConfigurationPlatforms) = postSolution
		{EC1FFCDB-FAB6-4E6F-9C48-53EC8CA98558}.Debug|Any CPU.ActiveCfg = Debug|Any CPU
		{EC1FFCDB-FAB6-4E6F-9C48-53EC8CA98558}.Debug|Any CPU.Build.0 = Debug|Any CPU
		{EC1FFCDB-FAB6-4E6F-9C48-53EC8CA98558}.Release|Any CPU.ActiveCfg = Release|Any CPU
		{EC1FFCDB-FAB6-4E6F-9C48-53EC8CA98558}.Release|Any CPU.Build.0 = Release|Any CPU
		{EC1FFCDB-FAB6-4E6F-9C48-53EC8CA98558}.Debug|iPhoneSimulator.ActiveCfg = Debug|Any CPU
		{EC1FFCDB-FAB6-4E6F-9C48-53EC8CA98558}.Debug|iPhoneSimulator.Build.0 = Debug|Any CPU
		{EC1FFCDB-FAB6-4E6F-9C48-53EC8CA98558}.Release|iPhone.ActiveCfg = Release|Any CPU
		{EC1FFCDB-FAB6-4E6F-9C48-53EC8CA98558}.Release|iPhone.Build.0 = Release|Any CPU
		{EC1FFCDB-FAB6-4E6F-9C48-53EC8CA98558}.Release|iPhoneSimulator.ActiveCfg = Release|Any CPU
		{EC1FFCDB-FAB6-4E6F-9C48-53EC8CA98558}.Release|iPhoneSimulator.Build.0 = Release|Any CPU
		{EC1FFCDB-FAB6-4E6F-9C48-53EC8CA98558}.Debug|iPhone.ActiveCfg = Debug|Any CPU
		{EC1FFCDB-FAB6-4E6F-9C48-53EC8CA98558}.Debug|iPhone.Build.0 = Debug|Any CPU
		{391A0BE9-B1DB-42CB-9543-295017BC5742}.Debug|Any CPU.ActiveCfg = Debug|iPhoneSimulator
		{391A0BE9-B1DB-42CB-9543-295017BC5742}.Debug|Any CPU.Build.0 = Debug|iPhoneSimulator
		{391A0BE9-B1DB-42CB-9543-295017BC5742}.Release|Any CPU.ActiveCfg = Release|iPhone
		{391A0BE9-B1DB-42CB-9543-295017BC5742}.Release|Any CPU.Build.0 = Release|iPhone
		{391A0BE9-B1DB-42CB-9543-295017BC5742}.Debug|iPhoneSimulator.ActiveCfg = Debug|iPhoneSimulator
		{391A0BE9-B1DB-42CB-9543-295017BC5742}.Debug|iPhoneSimulator.Build.0 = Debug|iPhoneSimulator
		{391A0BE9-B1DB-42CB-9543-295017BC5742}.Release|iPhone.ActiveCfg = Release|iPhone
		{391A0BE9-B1DB-42CB-9543-295017BC5742}.Release|iPhone.Build.0 = Release|iPhone
		{391A0BE9-B1DB-42CB-9543-295017BC5742}.Release|iPhoneSimulator.ActiveCfg = Release|iPhoneSimulator
		{391A0BE9-B1DB-42CB-9543-295017BC5742}.Release|iPhoneSimulator.Build.0 = Release|iPhoneSimulator
		{391A0BE9-B1DB-42CB-9543-295017BC5742}.Debug|iPhone.ActiveCfg = Debug|iPhone
		{391A0BE9-B1DB-42CB-9543-295017BC5742}.Debug|iPhone.Build.0 = Debug|iPhone
	EndGlobalSection
EndGlobal
